// !$*UTF8*$!
{
	archiveVersion = 1;
	classes = {
	};
	objectVersion = 55;
	objects = {

/* Begin PBXBuildFile section */
		344D4274778CCF39F2D0F731 /* libPods-HNClient.a in Frameworks */ = {isa = PBXBuildFile; fileRef = 798EAADEBA53F0FD9C49B390 /* libPods-HNClient.a */; };
		7A54684328805D09000C921E /* StoriesModel.swift in Sources */ = {isa = PBXBuildFile; fileRef = 7A54684228805D09000C921E /* StoriesModel.swift */; };
		7A54684A28817BD4000C921E /* StoriesViewModel.swift in Sources */ = {isa = PBXBuildFile; fileRef = 7A54684928817BD4000C921E /* StoriesViewModel.swift */; };
		7A54684F2881A3F6000C921E /* APIConstants.swift in Sources */ = {isa = PBXBuildFile; fileRef = 7A54684E2881A3F6000C921E /* APIConstants.swift */; };
		7A5468512881A4D8000C921E /* StoriesService.swift in Sources */ = {isa = PBXBuildFile; fileRef = 7A5468502881A4D8000C921E /* StoriesService.swift */; };
		7A5FFC852884912500B4702F /* StoryView.swift in Sources */ = {isa = PBXBuildFile; fileRef = 7A5FFC842884912500B4702F /* StoryView.swift */; };
		7AF0B1E02881B2E5002E7885 /* NewStoriesTabView.swift in Sources */ = {isa = PBXBuildFile; fileRef = 7AF0B1DF2881B2E5002E7885 /* NewStoriesTabView.swift */; };
		7AF0B1E22881B49A002E7885 /* TopStoriesTabView.swift in Sources */ = {isa = PBXBuildFile; fileRef = 7AF0B1E12881B49A002E7885 /* TopStoriesTabView.swift */; };
		7AF0B1E42881B4CF002E7885 /* BestStoriesTabView.swift in Sources */ = {isa = PBXBuildFile; fileRef = 7AF0B1E32881B4CF002E7885 /* BestStoriesTabView.swift */; };
		7AF7120C2880185A00FA940D /* HNClientApp.swift in Sources */ = {isa = PBXBuildFile; fileRef = 7AF7120B2880185A00FA940D /* HNClientApp.swift */; };
		7AF7120E2880185A00FA940D /* ContentView.swift in Sources */ = {isa = PBXBuildFile; fileRef = 7AF7120D2880185A00FA940D /* ContentView.swift */; };
		7AF712102880185B00FA940D /* Assets.xcassets in Resources */ = {isa = PBXBuildFile; fileRef = 7AF7120F2880185B00FA940D /* Assets.xcassets */; };
		7AF712132880185B00FA940D /* Preview Assets.xcassets in Resources */ = {isa = PBXBuildFile; fileRef = 7AF712122880185B00FA940D /* Preview Assets.xcassets */; };
/* End PBXBuildFile section */

/* Begin PBXFileReference section */
		0D03474BEB43F1B8EF98CB1A /* Pods-HNClient.release.xcconfig */ = {isa = PBXFileReference; includeInIndex = 1; lastKnownFileType = text.xcconfig; name = "Pods-HNClient.release.xcconfig"; path = "Target Support Files/Pods-HNClient/Pods-HNClient.release.xcconfig"; sourceTree = "<group>"; };
		798EAADEBA53F0FD9C49B390 /* libPods-HNClient.a */ = {isa = PBXFileReference; explicitFileType = archive.ar; includeInIndex = 0; path = "libPods-HNClient.a"; sourceTree = BUILT_PRODUCTS_DIR; };
		7A54684228805D09000C921E /* StoriesModel.swift */ = {isa = PBXFileReference; lastKnownFileType = sourcecode.swift; path = StoriesModel.swift; sourceTree = "<group>"; };
		7A54684928817BD4000C921E /* StoriesViewModel.swift */ = {isa = PBXFileReference; lastKnownFileType = sourcecode.swift; path = StoriesViewModel.swift; sourceTree = "<group>"; };
		7A54684E2881A3F6000C921E /* APIConstants.swift */ = {isa = PBXFileReference; lastKnownFileType = sourcecode.swift; path = APIConstants.swift; sourceTree = "<group>"; };
		7A5468502881A4D8000C921E /* StoriesService.swift */ = {isa = PBXFileReference; lastKnownFileType = sourcecode.swift; path = StoriesService.swift; sourceTree = "<group>"; };
		7A5FFC842884912500B4702F /* StoryView.swift */ = {isa = PBXFileReference; lastKnownFileType = sourcecode.swift; path = StoryView.swift; sourceTree = "<group>"; };
		7AF0B1DF2881B2E5002E7885 /* NewStoriesTabView.swift */ = {isa = PBXFileReference; lastKnownFileType = sourcecode.swift; path = NewStoriesTabView.swift; sourceTree = "<group>"; };
		7AF0B1E12881B49A002E7885 /* TopStoriesTabView.swift */ = {isa = PBXFileReference; lastKnownFileType = sourcecode.swift; path = TopStoriesTabView.swift; sourceTree = "<group>"; };
		7AF0B1E32881B4CF002E7885 /* BestStoriesTabView.swift */ = {isa = PBXFileReference; lastKnownFileType = sourcecode.swift; path = BestStoriesTabView.swift; sourceTree = "<group>"; };
		7AF712082880185A00FA940D /* HNClient.app */ = {isa = PBXFileReference; explicitFileType = wrapper.application; includeInIndex = 0; path = HNClient.app; sourceTree = BUILT_PRODUCTS_DIR; };
		7AF7120B2880185A00FA940D /* HNClientApp.swift */ = {isa = PBXFileReference; lastKnownFileType = sourcecode.swift; path = HNClientApp.swift; sourceTree = "<group>"; };
		7AF7120D2880185A00FA940D /* ContentView.swift */ = {isa = PBXFileReference; lastKnownFileType = sourcecode.swift; path = ContentView.swift; sourceTree = "<group>"; };
		7AF7120F2880185B00FA940D /* Assets.xcassets */ = {isa = PBXFileReference; lastKnownFileType = folder.assetcatalog; path = Assets.xcassets; sourceTree = "<group>"; };
		7AF712122880185B00FA940D /* Preview Assets.xcassets */ = {isa = PBXFileReference; lastKnownFileType = folder.assetcatalog; path = "Preview Assets.xcassets"; sourceTree = "<group>"; };
		9DDAA20E3F366F7933EF4265 /* Pods-HNClient.debug.xcconfig */ = {isa = PBXFileReference; includeInIndex = 1; lastKnownFileType = text.xcconfig; name = "Pods-HNClient.debug.xcconfig"; path = "Target Support Files/Pods-HNClient/Pods-HNClient.debug.xcconfig"; sourceTree = "<group>"; };
/* End PBXFileReference section */

/* Begin PBXFrameworksBuildPhase section */
		7AF712052880185A00FA940D /* Frameworks */ = {
			isa = PBXFrameworksBuildPhase;
			buildActionMask = 2147483647;
			files = (
				344D4274778CCF39F2D0F731 /* libPods-HNClient.a in Frameworks */,
			);
			runOnlyForDeploymentPostprocessing = 0;
		};
/* End PBXFrameworksBuildPhase section */

/* Begin PBXGroup section */
		5A63A01B4ABE95F25FDF6469 /* Frameworks */ = {
			isa = PBXGroup;
			children = (
				798EAADEBA53F0FD9C49B390 /* libPods-HNClient.a */,
			);
			name = Frameworks;
			sourceTree = "<group>";
		};
		7A54684128805C8E000C921E /* Model */ = {
			isa = PBXGroup;
			children = (
				7A54684228805D09000C921E /* StoriesModel.swift */,
			);
			path = Model;
			sourceTree = "<group>";
		};
		7A54684B2881A370000C921E /* Services */ = {
			isa = PBXGroup;
			children = (
				7A5468502881A4D8000C921E /* StoriesService.swift */,
			);
			path = Services;
			sourceTree = "<group>";
		};
		7A54684C2881A37C000C921E /* Constants */ = {
			isa = PBXGroup;
			children = (
				7A54684E2881A3F6000C921E /* APIConstants.swift */,
			);
			path = Constants;
			sourceTree = "<group>";
		};
		7A54684D2881A39B000C921E /* Features */ = {
			isa = PBXGroup;
			children = (
				7AF712192880331900FA940D /* Views */,
				7AF7121A2880334900FA940D /* ViewModel */,
				7A54684128805C8E000C921E /* Model */,
				7A54684B2881A370000C921E /* Services */,
			);
			path = Features;
			sourceTree = "<group>";
		};
		7AF711FF2880185A00FA940D = {
			isa = PBXGroup;
			children = (
				7AF7120A2880185A00FA940D /* HNClient */,
				7AF712092880185A00FA940D /* Products */,
				E9092E2CF5E1CDA12584D2FA /* Pods */,
				5A63A01B4ABE95F25FDF6469 /* Frameworks */,
			);
			sourceTree = "<group>";
		};
		7AF712092880185A00FA940D /* Products */ = {
			isa = PBXGroup;
			children = (
				7AF712082880185A00FA940D /* HNClient.app */,
			);
			name = Products;
			sourceTree = "<group>";
		};
		7AF7120A2880185A00FA940D /* HNClient */ = {
			isa = PBXGroup;
			children = (
				7AF7120B2880185A00FA940D /* HNClientApp.swift */,
				7A54684D2881A39B000C921E /* Features */,
				7A54684C2881A37C000C921E /* Constants */,
				7AF7120F2880185B00FA940D /* Assets.xcassets */,
				7AF712112880185B00FA940D /* Preview Content */,
			);
			path = HNClient;
			sourceTree = "<group>";
		};
		7AF712112880185B00FA940D /* Preview Content */ = {
			isa = PBXGroup;
			children = (
				7AF712122880185B00FA940D /* Preview Assets.xcassets */,
			);
			path = "Preview Content";
			sourceTree = "<group>";
		};
		7AF712192880331900FA940D /* Views */ = {
			isa = PBXGroup;
			children = (
				7AF7120D2880185A00FA940D /* ContentView.swift */,
				7AF0B1DF2881B2E5002E7885 /* NewStoriesTabView.swift */,
				7AF0B1E12881B49A002E7885 /* TopStoriesTabView.swift */,
				7AF0B1E32881B4CF002E7885 /* BestStoriesTabView.swift */,
				7A5FFC842884912500B4702F /* StoryView.swift */,
			);
			path = Views;
			sourceTree = "<group>";
		};
		7AF7121A2880334900FA940D /* ViewModel */ = {
			isa = PBXGroup;
			children = (
				7A54684928817BD4000C921E /* StoriesViewModel.swift */,
			);
			path = ViewModel;
			sourceTree = "<group>";
		};
		E9092E2CF5E1CDA12584D2FA /* Pods */ = {
			isa = PBXGroup;
			children = (
				9DDAA20E3F366F7933EF4265 /* Pods-HNClient.debug.xcconfig */,
				0D03474BEB43F1B8EF98CB1A /* Pods-HNClient.release.xcconfig */,
			);
			path = Pods;
			sourceTree = "<group>";
		};
/* End PBXGroup section */

/* Begin PBXNativeTarget section */
		7AF712072880185A00FA940D /* HNClient */ = {
			isa = PBXNativeTarget;
			buildConfigurationList = 7AF712162880185B00FA940D /* Build configuration list for PBXNativeTarget "HNClient" */;
			buildPhases = (
				D2F1D3AE89C37BB3669D4050 /* [CP] Check Pods Manifest.lock */,
				7AF712042880185A00FA940D /* Sources */,
				7AF712052880185A00FA940D /* Frameworks */,
				7AF712062880185A00FA940D /* Resources */,
			);
			buildRules = (
			);
			dependencies = (
			);
			name = HNClient;
			productName = HNClient;
			productReference = 7AF712082880185A00FA940D /* HNClient.app */;
			productType = "com.apple.product-type.application";
		};
/* End PBXNativeTarget section */

/* Begin PBXProject section */
		7AF712002880185A00FA940D /* Project object */ = {
			isa = PBXProject;
			attributes = {
				BuildIndependentTargetsInParallel = 1;
				LastSwiftUpdateCheck = 1340;
				LastUpgradeCheck = 1340;
				TargetAttributes = {
					7AF712072880185A00FA940D = {
						CreatedOnToolsVersion = 13.4.1;
					};
				};
			};
			buildConfigurationList = 7AF712032880185A00FA940D /* Build configuration list for PBXProject "HNClient" */;
			compatibilityVersion = "Xcode 13.0";
			developmentRegion = en;
			hasScannedForEncodings = 0;
			knownRegions = (
				en,
				Base,
			);
			mainGroup = 7AF711FF2880185A00FA940D;
			productRefGroup = 7AF712092880185A00FA940D /* Products */;
			projectDirPath = "";
			projectRoot = "";
			targets = (
				7AF712072880185A00FA940D /* HNClient */,
			);
		};
/* End PBXProject section */

/* Begin PBXResourcesBuildPhase section */
		7AF712062880185A00FA940D /* Resources */ = {
			isa = PBXResourcesBuildPhase;
			buildActionMask = 2147483647;
			files = (
				7AF712132880185B00FA940D /* Preview Assets.xcassets in Resources */,
				7AF712102880185B00FA940D /* Assets.xcassets in Resources */,
			);
			runOnlyForDeploymentPostprocessing = 0;
		};
/* End PBXResourcesBuildPhase section */

/* Begin PBXShellScriptBuildPhase section */
		D2F1D3AE89C37BB3669D4050 /* [CP] Check Pods Manifest.lock */ = {
			isa = PBXShellScriptBuildPhase;
			buildActionMask = 2147483647;
			files = (
			);
			inputFileListPaths = (
			);
			inputPaths = (
				"${PODS_PODFILE_DIR_PATH}/Podfile.lock",
				"${PODS_ROOT}/Manifest.lock",
			);
			name = "[CP] Check Pods Manifest.lock";
			outputFileListPaths = (
			);
			outputPaths = (
				"$(DERIVED_FILE_DIR)/Pods-HNClient-checkManifestLockResult.txt",
			);
			runOnlyForDeploymentPostprocessing = 0;
			shellPath = /bin/sh;
			shellScript = "diff \"${PODS_PODFILE_DIR_PATH}/Podfile.lock\" \"${PODS_ROOT}/Manifest.lock\" > /dev/null\nif [ $? != 0 ] ; then\n    # print error to STDERR\n    echo \"error: The sandbox is not in sync with the Podfile.lock. Run 'pod install' or update your CocoaPods installation.\" >&2\n    exit 1\nfi\n# This output is used by Xcode 'outputs' to avoid re-running this script phase.\necho \"SUCCESS\" > \"${SCRIPT_OUTPUT_FILE_0}\"\n";
			showEnvVarsInLog = 0;
		};
/* End PBXShellScriptBuildPhase section */

/* Begin PBXSourcesBuildPhase section */
		7AF712042880185A00FA940D /* Sources */ = {
			isa = PBXSourcesBuildPhase;
			buildActionMask = 2147483647;
			files = (
				7AF7120E2880185A00FA940D /* ContentView.swift in Sources */,
				7AF0B1E22881B49A002E7885 /* TopStoriesTabView.swift in Sources */,
				7A5468512881A4D8000C921E /* StoriesService.swift in Sources */,
				7AF7120C2880185A00FA940D /* HNClientApp.swift in Sources */,
				7A54684F2881A3F6000C921E /* APIConstants.swift in Sources */,
				7A54684328805D09000C921E /* StoriesModel.swift in Sources */,
				7A54684A28817BD4000C921E /* StoriesViewModel.swift in Sources */,
				7AF0B1E02881B2E5002E7885 /* NewStoriesTabView.swift in Sources */,
				7A5FFC852884912500B4702F /* StoryView.swift in Sources */,
				7AF0B1E42881B4CF002E7885 /* BestStoriesTabView.swift in Sources */,
			);
			runOnlyForDeploymentPostprocessing = 0;
		};
/* End PBXSourcesBuildPhase section */

/* Begin XCBuildConfiguration section */
		7AF712142880185B00FA940D /* Debug */ = {
			isa = XCBuildConfiguration;
			buildSettings = {
				ALWAYS_SEARCH_USER_PATHS = NO;
				CLANG_ANALYZER_NONNULL = YES;
				CLANG_ANALYZER_NUMBER_OBJECT_CONVERSION = YES_AGGRESSIVE;
				CLANG_CXX_LANGUAGE_STANDARD = "gnu++17";
				CLANG_ENABLE_MODULES = YES;
				CLANG_ENABLE_OBJC_ARC = YES;
				CLANG_ENABLE_OBJC_WEAK = YES;
				CLANG_WARN_BLOCK_CAPTURE_AUTORELEASING = YES;
				CLANG_WARN_BOOL_CONVERSION = YES;
				CLANG_WARN_COMMA = YES;
				CLANG_WARN_CONSTANT_CONVERSION = YES;
				CLANG_WARN_DEPRECATED_OBJC_IMPLEMENTATIONS = YES;
				CLANG_WARN_DIRECT_OBJC_ISA_USAGE = YES_ERROR;
				CLANG_WARN_DOCUMENTATION_COMMENTS = YES;
				CLANG_WARN_EMPTY_BODY = YES;
				CLANG_WARN_ENUM_CONVERSION = YES;
				CLANG_WARN_INFINITE_RECURSION = YES;
				CLANG_WARN_INT_CONVERSION = YES;
				CLANG_WARN_NON_LITERAL_NULL_CONVERSION = YES;
				CLANG_WARN_OBJC_IMPLICIT_RETAIN_SELF = YES;
				CLANG_WARN_OBJC_LITERAL_CONVERSION = YES;
				CLANG_WARN_OBJC_ROOT_CLASS = YES_ERROR;
				CLANG_WARN_QUOTED_INCLUDE_IN_FRAMEWORK_HEADER = YES;
				CLANG_WARN_RANGE_LOOP_ANALYSIS = YES;
				CLANG_WARN_STRICT_PROTOTYPES = YES;
				CLANG_WARN_SUSPICIOUS_MOVE = YES;
				CLANG_WARN_UNGUARDED_AVAILABILITY = YES_AGGRESSIVE;
				CLANG_WARN_UNREACHABLE_CODE = YES;
				CLANG_WARN__DUPLICATE_METHOD_MATCH = YES;
				COPY_PHASE_STRIP = NO;
				DEBUG_INFORMATION_FORMAT = dwarf;
				ENABLE_STRICT_OBJC_MSGSEND = YES;
				ENABLE_TESTABILITY = YES;
				GCC_C_LANGUAGE_STANDARD = gnu11;
				GCC_DYNAMIC_NO_PIC = NO;
				GCC_NO_COMMON_BLOCKS = YES;
				GCC_OPTIMIZATION_LEVEL = 0;
				GCC_PREPROCESSOR_DEFINITIONS = (
					"DEBUG=1",
					"$(inherited)",
				);
				GCC_WARN_64_TO_32_BIT_CONVERSION = YES;
				GCC_WARN_ABOUT_RETURN_TYPE = YES_ERROR;
				GCC_WARN_UNDECLARED_SELECTOR = YES;
				GCC_WARN_UNINITIALIZED_AUTOS = YES_AGGRESSIVE;
				GCC_WARN_UNUSED_FUNCTION = YES;
				GCC_WARN_UNUSED_VARIABLE = YES;
				IPHONEOS_DEPLOYMENT_TARGET = 15.5;
				MTL_ENABLE_DEBUG_INFO = INCLUDE_SOURCE;
				MTL_FAST_MATH = YES;
				ONLY_ACTIVE_ARCH = YES;
				SDKROOT = iphoneos;
				SWIFT_ACTIVE_COMPILATION_CONDITIONS = DEBUG;
				SWIFT_OPTIMIZATION_LEVEL = "-Onone";
			};
			name = Debug;
		};
		7AF712152880185B00FA940D /* Release */ = {
			isa = XCBuildConfiguration;
			buildSettings = {
				ALWAYS_SEARCH_USER_PATHS = NO;
				CLANG_ANALYZER_NONNULL = YES;
				CLANG_ANALYZER_NUMBER_OBJECT_CONVERSION = YES_AGGRESSIVE;
				CLANG_CXX_LANGUAGE_STANDARD = "gnu++17";
				CLANG_ENABLE_MODULES = YES;
				CLANG_ENABLE_OBJC_ARC = YES;
				CLANG_ENABLE_OBJC_WEAK = YES;
				CLANG_WARN_BLOCK_CAPTURE_AUTORELEASING = YES;
				CLANG_WARN_BOOL_CONVERSION = YES;
				CLANG_WARN_COMMA = YES;
				CLANG_WARN_CONSTANT_CONVERSION = YES;
				CLANG_WARN_DEPRECATED_OBJC_IMPLEMENTATIONS = YES;
				CLANG_WARN_DIRECT_OBJC_ISA_USAGE = YES_ERROR;
				CLANG_WARN_DOCUMENTATION_COMMENTS = YES;
				CLANG_WARN_EMPTY_BODY = YES;
				CLANG_WARN_ENUM_CONVERSION = YES;
				CLANG_WARN_INFINITE_RECURSION = YES;
				CLANG_WARN_INT_CONVERSION = YES;
				CLANG_WARN_NON_LITERAL_NULL_CONVERSION = YES;
				CLANG_WARN_OBJC_IMPLICIT_RETAIN_SELF = YES;
				CLANG_WARN_OBJC_LITERAL_CONVERSION = YES;
				CLANG_WARN_OBJC_ROOT_CLASS = YES_ERROR;
				CLANG_WARN_QUOTED_INCLUDE_IN_FRAMEWORK_HEADER = YES;
				CLANG_WARN_RANGE_LOOP_ANALYSIS = YES;
				CLANG_WARN_STRICT_PROTOTYPES = YES;
				CLANG_WARN_SUSPICIOUS_MOVE = YES;
				CLANG_WARN_UNGUARDED_AVAILABILITY = YES_AGGRESSIVE;
				CLANG_WARN_UNREACHABLE_CODE = YES;
				CLANG_WARN__DUPLICATE_METHOD_MATCH = YES;
				COPY_PHASE_STRIP = NO;
				DEBUG_INFORMATION_FORMAT = "dwarf-with-dsym";
				ENABLE_NS_ASSERTIONS = NO;
				ENABLE_STRICT_OBJC_MSGSEND = YES;
				GCC_C_LANGUAGE_STANDARD = gnu11;
				GCC_NO_COMMON_BLOCKS = YES;
				GCC_WARN_64_TO_32_BIT_CONVERSION = YES;
				GCC_WARN_ABOUT_RETURN_TYPE = YES_ERROR;
				GCC_WARN_UNDECLARED_SELECTOR = YES;
				GCC_WARN_UNINITIALIZED_AUTOS = YES_AGGRESSIVE;
				GCC_WARN_UNUSED_FUNCTION = YES;
				GCC_WARN_UNUSED_VARIABLE = YES;
				IPHONEOS_DEPLOYMENT_TARGET = 15.5;
				MTL_ENABLE_DEBUG_INFO = NO;
				MTL_FAST_MATH = YES;
				SDKROOT = iphoneos;
				SWIFT_COMPILATION_MODE = wholemodule;
				SWIFT_OPTIMIZATION_LEVEL = "-O";
				VALIDATE_PRODUCT = YES;
			};
			name = Release;
		};
		7AF712172880185B00FA940D /* Debug */ = {
			isa = XCBuildConfiguration;
			baseConfigurationReference = 9DDAA20E3F366F7933EF4265 /* Pods-HNClient.debug.xcconfig */;
			buildSettings = {
				ASSETCATALOG_COMPILER_APPICON_NAME = AppIcon;
				ASSETCATALOG_COMPILER_GLOBAL_ACCENT_COLOR_NAME = AccentColor;
				CODE_SIGN_STYLE = Automatic;
				CURRENT_PROJECT_VERSION = 1;
				DEVELOPMENT_ASSET_PATHS = "\"HNClient/Preview Content\"";
				DEVELOPMENT_TEAM = 9FEWR2KLB5;
				ENABLE_PREVIEWS = YES;
				GENERATE_INFOPLIST_FILE = YES;
				INFOPLIST_KEY_UIApplicationSceneManifest_Generation = YES;
				INFOPLIST_KEY_UIApplicationSupportsIndirectInputEvents = YES;
				INFOPLIST_KEY_UILaunchScreen_Generation = YES;
				INFOPLIST_KEY_UISupportedInterfaceOrientations_iPad = "UIInterfaceOrientationPortrait UIInterfaceOrientationPortraitUpsideDown UIInterfaceOrientationLandscapeLeft UIInterfaceOrientationLandscapeRight";
				INFOPLIST_KEY_UISupportedInterfaceOrientations_iPhone = "UIInterfaceOrientationPortrait UIInterfaceOrientationLandscapeLeft UIInterfaceOrientationLandscapeRight";
				LD_RUNPATH_SEARCH_PATHS = (
					"$(inherited)",
					"@executable_path/Frameworks",
				);
				MARKETING_VERSION = 1.0;
				PRODUCT_BUNDLE_IDENTIFIER = com.veryseriouscompany.HNClient;
				PRODUCT_NAME = "$(TARGET_NAME)";
				SWIFT_EMIT_LOC_STRINGS = YES;
				SWIFT_VERSION = 5.0;
				TARGETED_DEVICE_FAMILY = "1,2";
			};
			name = Debug;
		};
		7AF712182880185B00FA940D /* Release */ = {
			isa = XCBuildConfiguration;
			baseConfigurationReference = 0D03474BEB43F1B8EF98CB1A /* Pods-HNClient.release.xcconfig */;
			buildSettings = {
				ASSETCATALOG_COMPILER_APPICON_NAME = AppIcon;
				ASSETCATALOG_COMPILER_GLOBAL_ACCENT_COLOR_NAME = AccentColor;
				CODE_SIGN_STYLE = Automatic;
				CURRENT_PROJECT_VERSION = 1;
				DEVELOPMENT_ASSET_PATHS = "\"HNClient/Preview Content\"";
				DEVELOPMENT_TEAM = 9FEWR2KLB5;
				ENABLE_PREVIEWS = YES;
				GENERATE_INFOPLIST_FILE = YES;
				INFOPLIST_KEY_UIApplicationSceneManifest_Generation = YES;
				INFOPLIST_KEY_UIApplicationSupportsIndirectInputEvents = YES;
				INFOPLIST_KEY_UILaunchScreen_Generation = YES;
				INFOPLIST_KEY_UISupportedInterfaceOrientations_iPad = "UIInterfaceOrientationPortrait UIInterfaceOrientationPortraitUpsideDown UIInterfaceOrientationLandscapeLeft UIInterfaceOrientationLandscapeRight";
				INFOPLIST_KEY_UISupportedInterfaceOrientations_iPhone = "UIInterfaceOrientationPortrait UIInterfaceOrientationLandscapeLeft UIInterfaceOrientationLandscapeRight";
				LD_RUNPATH_SEARCH_PATHS = (
					"$(inherited)",
					"@executable_path/Frameworks",
				);
				MARKETING_VERSION = 1.0;
				PRODUCT_BUNDLE_IDENTIFIER = com.veryseriouscompany.HNClient;
				PRODUCT_NAME = "$(TARGET_NAME)";
				SWIFT_EMIT_LOC_STRINGS = YES;
				SWIFT_VERSION = 5.0;
				TARGETED_DEVICE_FAMILY = "1,2";
			};
			name = Release;
		};
/* End XCBuildConfiguration section */

/* Begin XCConfigurationList section */
		7AF712032880185A00FA940D /* Build configuration list for PBXProject "HNClient" */ = {
			isa = XCConfigurationList;
			buildConfigurations = (
				7AF712142880185B00FA940D /* Debug */,
				7AF712152880185B00FA940D /* Release */,
			);
			defaultConfigurationIsVisible = 0;
			defaultConfigurationName = Release;
		};
		7AF712162880185B00FA940D /* Build configuration list for PBXNativeTarget "HNClient" */ = {
			isa = XCConfigurationList;
			buildConfigurations = (
				7AF712172880185B00FA940D /* Debug */,
				7AF712182880185B00FA940D /* Release */,
			);
			defaultConfigurationIsVisible = 0;
			defaultConfigurationName = Release;
		};
/* End XCConfigurationList section */
	};
	rootObject = 7AF712002880185A00FA940D /* Project object */;
}
